
Microsoft Visual Studio Solution File, Format Version 12.00
# Visual Studio Version 17
VisualStudioVersion = 17.1.32421.90
MinimumVisualStudioVersion = 10.0.40219.1
Project("{FAE04EC0-301F-11D3-BF4B-00C04F79EFBC}") = "PO-MVP", "PO-DataConnection\PO-MVP.csproj", "{C55729D5-A132-4449-A71F-0A119FBADBB7}"
EndProject
Project("{2150E333-8FDC-42A3-9474-1A3956D46DE8}") = "RestaurantDL", "RestaurantDL", "{D7A6CEBF-3A1E-4260-9EB6-AD8470DB2446}"
	ProjectSection(SolutionItems) = preProject
		Datastructure.cs = Datastructure.cs
	EndProjectSection
EndProject
Global
	GlobalSection(SolutionConfigurationPlatforms) = preSolution
		Debug|Any CPU = Debug|Any CPU
		Release|Any CPU = Release|Any CPU
	EndGlobalSection
	GlobalSection(ProjectConfigurationPlatforms) = postSolution
		{C55729D5-A132-4449-A71F-0A119FBADBB7}.Debug|Any CPU.ActiveCfg = Debug|Any CPU
		{C55729D5-A132-4449-A71F-0A119FBADBB7}.Debug|Any CPU.Build.0 = Debug|Any CPU
		{C55729D5-A132-4449-A71F-0A119FBADBB7}.Release|Any CPU.ActiveCfg = Release|Any CPU
		{C55729D5-A132-4449-A71F-0A119FBADBB7}.Release|Any CPU.Build.0 = Release|Any CPU
	EndGlobalSection
	GlobalSection(SolutionProperties) = preSolution
		HideSolutionNode = FALSE
	EndGlobalSection
	GlobalSection(ExtensibilityGlobals) = postSolution
		SolutionGuid = {CAFB0A08-0C5E-4F6F-A3FB-1EA0B5B9FE69}
	EndGlobalSection
EndGlobal
