
Microsoft Visual Studio Solution File, Format Version 12.00
# Visual Studio Version 17
VisualStudioVersion = 17.1.32421.90
MinimumVisualStudioVersion = 10.0.40219.1
Project("{FAE04EC0-301F-11D3-BF4B-00C04F79EFBC}") = "P1 - Restaurant Reviews", "P1 - Restaurant Reviews\P1 - Restaurant Reviews.csproj", "{7E6065AC-E63C-486C-89B7-39962B1FA22B}"
EndProject
Global
	GlobalSection(SolutionConfigurationPlatforms) = preSolution
		Debug|Any CPU = Debug|Any CPU
		Release|Any CPU = Release|Any CPU
	EndGlobalSection
	GlobalSection(ProjectConfigurationPlatforms) = postSolution
		{7E6065AC-E63C-486C-89B7-39962B1FA22B}.Debug|Any CPU.ActiveCfg = Debug|Any CPU
		{7E6065AC-E63C-486C-89B7-39962B1FA22B}.Debug|Any CPU.Build.0 = Debug|Any CPU
		{7E6065AC-E63C-486C-89B7-39962B1FA22B}.Release|Any CPU.ActiveCfg = Release|Any CPU
		{7E6065AC-E63C-486C-89B7-39962B1FA22B}.Release|Any CPU.Build.0 = Release|Any CPU
	EndGlobalSection
	GlobalSection(SolutionProperties) = preSolution
		HideSolutionNode = FALSE
	EndGlobalSection
	GlobalSection(ExtensibilityGlobals) = postSolution
		SolutionGuid = {F98C28AB-025F-422F-A1C9-913EC01FCB58}
	EndGlobalSection
EndGlobal
