
Microsoft Visual Studio Solution File, Format Version 12.00
# Visual Studio Version 17
VisualStudioVersion = 17.1.32421.90
MinimumVisualStudioVersion = 10.0.40219.1
Project("{9A19103F-16F7-4668-BE54-9A1E7A4F7556}") = "RestaurantUI", "Project0-RestaurantApp\RestaurantUI.csproj", "{8DDEADFD-3AF5-4E66-9A87-385C800D88DB}"
EndProject
Project("{FAE04EC0-301F-11D3-BF4B-00C04F79EFBC}") = "RestaurantModels", "RestaurantModels\RestaurantModels.csproj", "{17F1A0C8-3EB4-497B-9018-3562BF92D4B8}"
EndProject
Project("{FAE04EC0-301F-11D3-BF4B-00C04F79EFBC}") = "RestaurantBL", "RestaurantBL\RestaurantBL.csproj", "{3011E4A4-C61C-411F-8987-5AC685F567C0}"
EndProject
Project("{FAE04EC0-301F-11D3-BF4B-00C04F79EFBC}") = "RestaurantDL", "RestaurantDL\RestaurantDL.csproj", "{28E1564E-E7AC-4487-91ED-B8F3AEFDDF1E}"
EndProject
Project("{FAE04EC0-301F-11D3-BF4B-00C04F79EFBC}") = "RestaurantTest", "RestaurantTest\RestaurantTest.csproj", "{0F1036B8-7144-49BB-8A4F-185558B18DA1}"
EndProject
Global
	GlobalSection(SolutionConfigurationPlatforms) = preSolution
		Debug|Any CPU = Debug|Any CPU
		Release|Any CPU = Release|Any CPU
	EndGlobalSection
	GlobalSection(ProjectConfigurationPlatforms) = postSolution
		{8DDEADFD-3AF5-4E66-9A87-385C800D88DB}.Debug|Any CPU.ActiveCfg = Debug|Any CPU
		{8DDEADFD-3AF5-4E66-9A87-385C800D88DB}.Debug|Any CPU.Build.0 = Debug|Any CPU
		{8DDEADFD-3AF5-4E66-9A87-385C800D88DB}.Release|Any CPU.ActiveCfg = Release|Any CPU
		{8DDEADFD-3AF5-4E66-9A87-385C800D88DB}.Release|Any CPU.Build.0 = Release|Any CPU
		{17F1A0C8-3EB4-497B-9018-3562BF92D4B8}.Debug|Any CPU.ActiveCfg = Debug|Any CPU
		{17F1A0C8-3EB4-497B-9018-3562BF92D4B8}.Debug|Any CPU.Build.0 = Debug|Any CPU
		{17F1A0C8-3EB4-497B-9018-3562BF92D4B8}.Release|Any CPU.ActiveCfg = Release|Any CPU
		{17F1A0C8-3EB4-497B-9018-3562BF92D4B8}.Release|Any CPU.Build.0 = Release|Any CPU
		{3011E4A4-C61C-411F-8987-5AC685F567C0}.Debug|Any CPU.ActiveCfg = Debug|Any CPU
		{3011E4A4-C61C-411F-8987-5AC685F567C0}.Debug|Any CPU.Build.0 = Debug|Any CPU
		{3011E4A4-C61C-411F-8987-5AC685F567C0}.Release|Any CPU.ActiveCfg = Release|Any CPU
		{3011E4A4-C61C-411F-8987-5AC685F567C0}.Release|Any CPU.Build.0 = Release|Any CPU
		{28E1564E-E7AC-4487-91ED-B8F3AEFDDF1E}.Debug|Any CPU.ActiveCfg = Debug|Any CPU
		{28E1564E-E7AC-4487-91ED-B8F3AEFDDF1E}.Debug|Any CPU.Build.0 = Debug|Any CPU
		{28E1564E-E7AC-4487-91ED-B8F3AEFDDF1E}.Release|Any CPU.ActiveCfg = Release|Any CPU
		{28E1564E-E7AC-4487-91ED-B8F3AEFDDF1E}.Release|Any CPU.Build.0 = Release|Any CPU
		{0F1036B8-7144-49BB-8A4F-185558B18DA1}.Debug|Any CPU.ActiveCfg = Debug|Any CPU
		{0F1036B8-7144-49BB-8A4F-185558B18DA1}.Debug|Any CPU.Build.0 = Debug|Any CPU
		{0F1036B8-7144-49BB-8A4F-185558B18DA1}.Release|Any CPU.ActiveCfg = Release|Any CPU
		{0F1036B8-7144-49BB-8A4F-185558B18DA1}.Release|Any CPU.Build.0 = Release|Any CPU
	EndGlobalSection
	GlobalSection(SolutionProperties) = preSolution
		HideSolutionNode = FALSE
	EndGlobalSection
	GlobalSection(ExtensibilityGlobals) = postSolution
		SolutionGuid = {FED2512D-70C0-415B-AB4E-7EBFCE84F0AD}
	EndGlobalSection
EndGlobal
